[root]
name = "crawler"
version = "0.0.1"
dependencies = [
 "conrod 0.0.0 (git+https://github.com/PistonDevelopers/conrod.git)",
 "hyper 0.0.1 (git+https://github.com/hyperium/hyper.git)",
]

[[package]]
name = "conrod"
version = "0.0.0"
source = "git+https://github.com/PistonDevelopers/conrod.git#155a7e2df4c04d420c7ba04e771af88b64a69220"
dependencies = [
 "freetype-rs 0.0.2 (git+https://github.com/PistonDevelopers/freetype-rs.git)",
 "piston2d-graphics 0.0.2 (git+https://github.com/PistonDevelopers/graphics.git)",
 "piston2d-opengl_graphics 0.0.1 (git+https://github.com/PistonDevelopers/opengl_graphics.git)",
 "pistoncore-event 0.0.1 (git+https://github.com/PistonDevelopers/event)",
 "pistoncore-input 0.0.3 (git+https://github.com/PistonDevelopers/input/)",
 "rustc-serialize 0.2.6 (registry+https://github.com/rust-lang/crates.io-index)",
 "vecmath 0.0.1 (git+https://github.com/PistonDevelopers/vecmath.git)",
]

[[package]]
name = "cookie"
version = "0.1.0"
source = "git+https://github.com/alexcrichton/cookie-rs#272ac27b824c008eddd4842239269cb591f93db5"
dependencies = [
 "openssl 0.2.3 (git+https://github.com/sfackler/rust-openssl)",
 "time 0.1.1 (git+https://github.com/rust-lang/time)",
 "url 0.2.3 (git+https://github.com/servo/rust-url)",
]

[[package]]
name = "freetype-rs"
version = "0.0.2"
source = "git+https://github.com/PistonDevelopers/freetype-rs.git#9a496464d4f53b9c019894a92b49f782117cefe9"
dependencies = [
 "freetype-sys 0.0.1 (git+https://github.com/PistonDevelopers/freetype-sys)",
]

[[package]]
name = "freetype-sys"
version = "0.0.1"
source = "git+https://github.com/PistonDevelopers/freetype-sys#9e5271932beae7e7c285ec99809207511d463255"
dependencies = [
 "libz-sys 0.1.0 (registry+https://github.com/rust-lang/crates.io-index)",
 "pkg-config 0.1.1 (registry+https://github.com/rust-lang/crates.io-index)",
]

[[package]]
name = "gcc"
version = "0.1.1"
source = "git+https://github.com/alexcrichton/gcc-rs#d35c34c871dd75f97fadf04cb0ed85d997a9bc0c"

[[package]]
name = "gcc"
version = "0.1.3"
source = "registry+https://github.com/rust-lang/crates.io-index"

[[package]]
name = "gl"
version = "0.0.5"
source = "git+https://github.com/bjz/gl-rs#b3bb57ce1d78c54072553a5e2571641de0b92cd2"
dependencies = [
 "gl_common 0.0.3 (git+https://github.com/bjz/gl-rs)",
 "gl_generator 0.0.10 (git+https://github.com/bjz/gl-rs)",
]

[[package]]
name = "gl_common"
version = "0.0.3"
source = "git+https://github.com/bjz/gl-rs#b3bb57ce1d78c54072553a5e2571641de0b92cd2"

[[package]]
name = "gl_generator"
version = "0.0.10"
source = "git+https://github.com/bjz/gl-rs#b3bb57ce1d78c54072553a5e2571641de0b92cd2"
dependencies = [
 "gl_common 0.0.3 (git+https://github.com/bjz/gl-rs)",
 "khronos_api 0.0.4 (git+https://github.com/bjz/gl-rs)",
 "log 0.1.8 (registry+https://github.com/rust-lang/crates.io-index)",
 "xml-rs 0.1.10 (registry+https://github.com/rust-lang/crates.io-index)",
]

[[package]]
name = "hyper"
version = "0.0.1"
source = "git+https://github.com/hyperium/hyper.git#9e99c57fa8543b86ea479773eb622b1d4f935637"
dependencies = [
 "cookie 0.1.0 (git+https://github.com/alexcrichton/cookie-rs)",
 "mime 0.0.1 (git+https://github.com/hyperium/mime.rs)",
 "mucell 0.1.2 (git+https://github.com/chris-morgan/mucell)",
 "openssl 0.2.3 (git+https://github.com/sfackler/rust-openssl)",
 "time 0.1.1 (git+https://github.com/rust-lang/time)",
 "unsafe-any 0.1.1 (git+https://github.com/reem/rust-unsafe-any)",
 "url 0.2.3 (git+https://github.com/servo/rust-url)",
]

[[package]]
name = "image"
version = "0.2.0-alpha.4"
source = "git+https://github.com/pistondevelopers/image#0126e923640200416435088b6f39764f87f96cba"
dependencies = [
 "num 0.1.6 (git+https://github.com/rust-lang/num)",
]

[[package]]
name = "interpolation"
version = "0.0.0"
source = "git+https://github.com/PistonDevelopers/interpolation#b4436503f9970a6df5c845060497ff22a840ef71"

[[package]]
name = "khronos_api"
version = "0.0.4"
source = "git+https://github.com/bjz/gl-rs#b3bb57ce1d78c54072553a5e2571641de0b92cd2"

[[package]]
name = "libressl-pnacl-sys"
version = "2.1.0"
source = "registry+https://github.com/rust-lang/crates.io-index"
dependencies = [
 "pnacl-build-helper 1.0.0 (registry+https://github.com/rust-lang/crates.io-index)",
]

[[package]]
name = "libz-sys"
version = "0.1.0"
source = "registry+https://github.com/rust-lang/crates.io-index"
dependencies = [
 "pkg-config 0.1.1 (registry+https://github.com/rust-lang/crates.io-index)",
]

[[package]]
name = "log"
version = "0.1.8"
source = "registry+https://github.com/rust-lang/crates.io-index"
dependencies = [
 "regex 0.1.9 (registry+https://github.com/rust-lang/crates.io-index)",
]

[[package]]
name = "mime"
version = "0.0.1"
source = "git+https://github.com/hyperium/mime.rs#7898f1c29c7f5d35d0c3c7aed37ebcfc95a40873"

[[package]]
name = "mucell"
version = "0.1.2"
source = "git+https://github.com/chris-morgan/mucell#d198c6605b3e688719db168db0939051c803b1ea"

[[package]]
name = "num"
version = "0.1.6"
source = "git+https://github.com/rust-lang/num#bfa91ee92a39adc346600e4eb3e8b46d321d56ff"
dependencies = [
 "rustc-serialize 0.2.6 (registry+https://github.com/rust-lang/crates.io-index)",
]

[[package]]
name = "openssl"
version = "0.2.3"
source = "git+https://github.com/sfackler/rust-openssl#9754b8e47db5faff2930ed070527d2d71e76e094"
dependencies = [
 "openssl-sys 0.2.3 (git+https://github.com/sfackler/rust-openssl)",
]

[[package]]
name = "openssl-sys"
version = "0.2.3"
source = "git+https://github.com/sfackler/rust-openssl#9754b8e47db5faff2930ed070527d2d71e76e094"
dependencies = [
 "libressl-pnacl-sys 2.1.0 (registry+https://github.com/rust-lang/crates.io-index)",
 "pkg-config 0.1.1 (registry+https://github.com/rust-lang/crates.io-index)",
]

[[package]]
name = "piston-texture"
version = "0.0.1"
source = "git+https://github.com/PistonDevelopers/texture#0380876cec71e384841d5a06ad32cb462c97be20"

[[package]]
name = "piston2d-graphics"
version = "0.0.2"
source = "git+https://github.com/PistonDevelopers/graphics.git#dbaf4db6a42d849ab382b1a979973aa7b800fbe3"
dependencies = [
 "interpolation 0.0.0 (git+https://github.com/PistonDevelopers/interpolation)",
 "piston-texture 0.0.1 (git+https://github.com/PistonDevelopers/texture)",
 "quack 0.0.0 (git+https://github.com/PistonDevelopers/quack)",
 "read_color 0.0.2 (git+https://github.com/PistonDevelopers/read_color)",
 "vecmath 0.0.1 (git+https://github.com/PistonDevelopers/vecmath.git)",
]

[[package]]
name = "piston2d-opengl_graphics"
version = "0.0.1"
source = "git+https://github.com/PistonDevelopers/opengl_graphics.git#a0f629a272815730faff4c2b2513787c6473682b"
dependencies = [
 "freetype-rs 0.0.2 (git+https://github.com/PistonDevelopers/freetype-rs.git)",
 "gl 0.0.5 (git+https://github.com/bjz/gl-rs)",
 "image 0.2.0-alpha.4 (git+https://github.com/pistondevelopers/image)",
 "piston-texture 0.0.1 (git+https://github.com/PistonDevelopers/texture)",
 "piston2d-graphics 0.0.2 (git+https://github.com/PistonDevelopers/graphics.git)",
 "shader_version 0.0.0 (git+https://github.com/pistondevelopers/shader_version)",
]

[[package]]
name = "pistoncore-current"
version = "0.0.3"
source = "git+https://github.com/PistonDevelopers/current#ab92091f8ed9bf0257ab3b5ef92f5056dc8fdd16"

[[package]]
name = "pistoncore-event"
version = "0.0.1"
source = "git+https://github.com/PistonDevelopers/event#135bb05c1b7343aea0294b33448d863eaac708ff"
dependencies = [
 "pistoncore-current 0.0.3 (git+https://github.com/PistonDevelopers/current)",
 "pistoncore-event_loop 0.0.2 (git+https://github.com/PistonDevelopers/event_loop)",
 "pistoncore-input 0.0.3 (git+https://github.com/PistonDevelopers/input/)",
 "pistoncore-window 0.0.1 (git+https://github.com/PistonDevelopers/window)",
]

[[package]]
name = "pistoncore-event_loop"
version = "0.0.2"
source = "git+https://github.com/PistonDevelopers/event_loop#cd28bd0ee7cf31f7b55349f870ed6e6e2a2adf04"
dependencies = [
 "quack 0.0.0 (git+https://github.com/PistonDevelopers/quack)",
 "time 0.1.11 (registry+https://github.com/rust-lang/crates.io-index)",
]

[[package]]
name = "pistoncore-input"
version = "0.0.3"
source = "git+https://github.com/PistonDevelopers/input/#8613d85acd34acde7371d36a171b9894606f0f01"
dependencies = [
 "rustc-serialize 0.2.6 (registry+https://github.com/rust-lang/crates.io-index)",
]

[[package]]
name = "pistoncore-window"
version = "0.0.1"
source = "git+https://github.com/PistonDevelopers/window#f6009873812813c265dd72878e754fda9e4efbe4"
dependencies = [
 "pistoncore-event_loop 0.0.2 (git+https://github.com/PistonDevelopers/event_loop)",
 "pistoncore-input 0.0.3 (git+https://github.com/PistonDevelopers/input/)",
 "quack 0.0.0 (git+https://github.com/PistonDevelopers/quack)",
]

[[package]]
name = "pkg-config"
version = "0.1.1"
source = "registry+https://github.com/rust-lang/crates.io-index"

[[package]]
name = "pnacl-build-helper"
version = "1.0.0"
source = "registry+https://github.com/rust-lang/crates.io-index"

[[package]]
name = "quack"
version = "0.0.0"
source = "git+https://github.com/PistonDevelopers/quack#7543ae1c986239c9992157b52841cbb3ee42dfda"

[[package]]
name = "read_color"
version = "0.0.2"
source = "git+https://github.com/PistonDevelopers/read_color#568723fb7d9a69833e1d5a5ec79ded8ce9562920"

[[package]]
name = "regex"
version = "0.1.9"
source = "registry+https://github.com/rust-lang/crates.io-index"

[[package]]
name = "rustc-serialize"
version = "0.2.6"
source = "registry+https://github.com/rust-lang/crates.io-index"

[[package]]
name = "shader_version"
version = "0.0.0"
source = "git+https://github.com/pistondevelopers/shader_version#69cefe30e232536cffefbd80853369c2bb52c424"

[[package]]
name = "time"
version = "0.1.1"
source = "git+https://github.com/rust-lang/time#288b362e0d3cd9e36a4654c9520e021587f707d1"
dependencies = [
 "gcc 0.1.1 (git+https://github.com/alexcrichton/gcc-rs)",
]

[[package]]
name = "time"
version = "0.1.11"
source = "registry+https://github.com/rust-lang/crates.io-index"
dependencies = [
 "gcc 0.1.3 (registry+https://github.com/rust-lang/crates.io-index)",
]

[[package]]
name = "unsafe-any"
version = "0.1.1"
source = "git+https://github.com/reem/rust-unsafe-any#eb3fe87bea85f375b8fcefa0cdecfd131fae9624"

[[package]]
name = "url"
version = "0.2.3"
source = "git+https://github.com/servo/rust-url#1c738d2640731f6da58b85bb5a04883b81835b66"

[[package]]
name = "vecmath"
version = "0.0.1"
source = "git+https://github.com/PistonDevelopers/vecmath.git#8d4f1a6f56afd0f34e8a77272336a90b4dcb54cd"

[[package]]
name = "xml-rs"
version = "0.1.10"
source = "registry+https://github.com/rust-lang/crates.io-index"

